// !$*UTF8*$!
{
	archiveVersion = 1;
	classes = {
	};
	objectVersion = 46;
	objects = {

/* Begin PBXBuildFile section */
		25253B35247F9FD10061BFC2 /* XPLM.framework in Frameworks */ = {isa = PBXBuildFile; fileRef = 25253B34247F9FD10061BFC2 /* XPLM.framework */; };
		25253B3A247FA01F0061BFC2 /* imgui4xp.cpp in Sources */ = {isa = PBXBuildFile; fileRef = 25253B38247FA01F0061BFC2 /* imgui4xp.cpp */; };
		25253B3B247FA01F0061BFC2 /* imgui_starter_window.cpp in Sources */ = {isa = PBXBuildFile; fileRef = 25253B39247FA01F0061BFC2 /* imgui_starter_window.cpp */; };
		25253B4C247FA06A0061BFC2 /* ImgWindow.cpp in Sources */ = {isa = PBXBuildFile; fileRef = 25253B44247FA06A0061BFC2 /* ImgWindow.cpp */; };
		25253B4F247FA06A0061BFC2 /* ImgFontAtlas.cpp in Sources */ = {isa = PBXBuildFile; fileRef = 25253B49247FA06A0061BFC2 /* ImgFontAtlas.cpp */; };
		25253C39247FA1370061BFC2 /* imgui_widgets.cpp in Sources */ = {isa = PBXBuildFile; fileRef = 25253B69247FA1370061BFC2 /* imgui_widgets.cpp */; };
		25253C3A247FA1370061BFC2 /* imgui.cpp in Sources */ = {isa = PBXBuildFile; fileRef = 25253B72247FA1370061BFC2 /* imgui.cpp */; };
		25253C6C247FA1370061BFC2 /* imgui_demo.cpp in Sources */ = {isa = PBXBuildFile; fileRef = 25253C2B247FA1370061BFC2 /* imgui_demo.cpp */; };
		25253C6D247FA1370061BFC2 /* imgui_draw.cpp in Sources */ = {isa = PBXBuildFile; fileRef = 25253C2C247FA1370061BFC2 /* imgui_draw.cpp */; };
		25339A002485347500A65BE4 /* imgui_stdlib.cpp in Sources */ = {isa = PBXBuildFile; fileRef = 253399F52485347500A65BE4 /* imgui_stdlib.cpp */; };
		D6A7BDAA16A1DEA200D1426A /* OpenGL.framework in Frameworks */ = {isa = PBXBuildFile; fileRef = D6A7BDA916A1DEA200D1426A /* OpenGL.framework */; };
		D6A7BDC116A1DEC000D1426A /* CoreFoundation.framework in Frameworks */ = {isa = PBXBuildFile; fileRef = D6A7BDC016A1DEC000D1426A /* CoreFoundation.framework */; };
/* End PBXBuildFile section */

/* Begin PBXFileReference section */
		25253B34247F9FD10061BFC2 /* XPLM.framework */ = {isa = PBXFileReference; lastKnownFileType = wrapper.framework; name = XPLM.framework; path = src/XPSDK302/Libraries/Mac/XPLM.framework; sourceTree = "<group>"; };
		25253B38247FA01F0061BFC2 /* imgui4xp.cpp */ = {isa = PBXFileReference; fileEncoding = 4; lastKnownFileType = sourcecode.cpp.cpp; name = imgui4xp.cpp; path = src/imgui4xp.cpp; sourceTree = SOURCE_ROOT; };
		25253B39247FA01F0061BFC2 /* imgui_starter_window.cpp */ = {isa = PBXFileReference; fileEncoding = 4; lastKnownFileType = sourcecode.cpp.cpp; name = imgui_starter_window.cpp; path = src/imgui_starter_window.cpp; sourceTree = SOURCE_ROOT; };
		25253B44247FA06A0061BFC2 /* ImgWindow.cpp */ = {isa = PBXFileReference; fileEncoding = 4; lastKnownFileType = sourcecode.cpp.cpp; name = ImgWindow.cpp; path = src/ImgWindow/ImgWindow.cpp; sourceTree = SOURCE_ROOT; };
		25253B49247FA06A0061BFC2 /* ImgFontAtlas.cpp */ = {isa = PBXFileReference; fileEncoding = 4; lastKnownFileType = sourcecode.cpp.cpp; name = ImgFontAtlas.cpp; path = src/ImgWindow/ImgFontAtlas.cpp; sourceTree = SOURCE_ROOT; };
		25253B69247FA1370061BFC2 /* imgui_widgets.cpp */ = {isa = PBXFileReference; fileEncoding = 4; lastKnownFileType = sourcecode.cpp.cpp; path = imgui_widgets.cpp; sourceTree = "<group>"; };
		25253B72247FA1370061BFC2 /* imgui.cpp */ = {isa = PBXFileReference; fileEncoding = 4; lastKnownFileType = sourcecode.cpp.cpp; path = imgui.cpp; sourceTree = "<group>"; };
		25253C2B247FA1370061BFC2 /* imgui_demo.cpp */ = {isa = PBXFileReference; fileEncoding = 4; lastKnownFileType = sourcecode.cpp.cpp; path = imgui_demo.cpp; sourceTree = "<group>"; };
		25253C2C247FA1370061BFC2 /* imgui_draw.cpp */ = {isa = PBXFileReference; fileEncoding = 4; lastKnownFileType = sourcecode.cpp.cpp; path = imgui_draw.cpp; sourceTree = "<group>"; };
		25253C6E24805DD10061BFC2 /* README.md */ = {isa = PBXFileReference; lastKnownFileType = net.daringfireball.markdown; path = README.md; sourceTree = "<group>"; };
		253399F32485347500A65BE4 /* imgui_stdlib.h */ = {isa = PBXFileReference; fileEncoding = 4; lastKnownFileType = sourcecode.c.h; path = imgui_stdlib.h; sourceTree = "<group>"; };
		253399F52485347500A65BE4 /* imgui_stdlib.cpp */ = {isa = PBXFileReference; fileEncoding = 4; lastKnownFileType = sourcecode.cpp.cpp; path = imgui_stdlib.cpp; sourceTree = "<group>"; };
		254ED5922482C48D002C4A62 /* imstb_textedit.h */ = {isa = PBXFileReference; lastKnownFileType = sourcecode.c.h; path = imstb_textedit.h; sourceTree = "<group>"; };
		254ED5932482C48D002C4A62 /* imstb_truetype.h */ = {isa = PBXFileReference; lastKnownFileType = sourcecode.c.h; path = imstb_truetype.h; sourceTree = "<group>"; };
		254ED5942482C48D002C4A62 /* imstb_rectpack.h */ = {isa = PBXFileReference; lastKnownFileType = sourcecode.c.h; path = imstb_rectpack.h; sourceTree = "<group>"; };
		254ED5952482C48D002C4A62 /* imconfig.h */ = {isa = PBXFileReference; lastKnownFileType = sourcecode.c.h; path = imconfig.h; sourceTree = "<group>"; };
		254ED5962482C48D002C4A62 /* imgui.h */ = {isa = PBXFileReference; lastKnownFileType = sourcecode.c.h; path = imgui.h; sourceTree = "<group>"; };
		254ED5972482C48D002C4A62 /* imgui_internal.h */ = {isa = PBXFileReference; lastKnownFileType = sourcecode.c.h; path = imgui_internal.h; sourceTree = "<group>"; };
		254ED5982482C4AA002C4A62 /* ImgFontAtlas.h */ = {isa = PBXFileReference; lastKnownFileType = sourcecode.c.h; path = ImgFontAtlas.h; sourceTree = "<group>"; };
		254ED5992482C4AA002C4A62 /* ImgWindow.h */ = {isa = PBXFileReference; lastKnownFileType = sourcecode.c.h; path = ImgWindow.h; sourceTree = "<group>"; };
		255109C7248439ED002235C2 /* stb_image.h */ = {isa = PBXFileReference; lastKnownFileType = sourcecode.c.h; name = stb_image.h; path = src/stb_image.h; sourceTree = "<group>"; };
		255109C8248439ED002235C2 /* SystemGL.h */ = {isa = PBXFileReference; lastKnownFileType = sourcecode.c.h; name = SystemGL.h; path = src/SystemGL.h; sourceTree = "<group>"; };
		255109C9248439ED002235C2 /* XOGLUtils.h */ = {isa = PBXFileReference; lastKnownFileType = sourcecode.c.h; name = XOGLUtils.h; path = src/XOGLUtils.h; sourceTree = "<group>"; };
		255109CA248439ED002235C2 /* CMakeLists.txt */ = {isa = PBXFileReference; lastKnownFileType = text; name = CMakeLists.txt; path = src/CMakeLists.txt; sourceTree = "<group>"; };
		255109CB248439ED002235C2 /* imgui_starter_window.h */ = {isa = PBXFileReference; lastKnownFileType = sourcecode.c.h; name = imgui_starter_window.h; path = src/imgui_starter_window.h; sourceTree = "<group>"; };
		255109CC248439ED002235C2 /* imgui4xp.h */ = {isa = PBXFileReference; lastKnownFileType = sourcecode.c.h; name = imgui4xp.h; path = src/imgui4xp.h; sourceTree = "<group>"; };
		D607B19909A556E400699BC3 /* imgui4xp.xpl */ = {isa = PBXFileReference; explicitFileType = "compiled.mach-o.dylib"; includeInIndex = 0; path = imgui4xp.xpl; sourceTree = BUILT_PRODUCTS_DIR; };
		D6A7BDA916A1DEA200D1426A /* OpenGL.framework */ = {isa = PBXFileReference; lastKnownFileType = wrapper.framework; name = OpenGL.framework; path = System/Library/Frameworks/OpenGL.framework; sourceTree = SDKROOT; };
		D6A7BDC016A1DEC000D1426A /* CoreFoundation.framework */ = {isa = PBXFileReference; lastKnownFileType = wrapper.framework; name = CoreFoundation.framework; path = System/Library/Frameworks/CoreFoundation.framework; sourceTree = SDKROOT; };
/* End PBXFileReference section */

/* Begin PBXFrameworksBuildPhase section */
		D607B19709A556E400699BC3 /* Frameworks */ = {
			isa = PBXFrameworksBuildPhase;
			buildActionMask = 2147483647;
			files = (
				D6A7BDAA16A1DEA200D1426A /* OpenGL.framework in Frameworks */,
				D6A7BDC116A1DEC000D1426A /* CoreFoundation.framework in Frameworks */,
				25253B35247F9FD10061BFC2 /* XPLM.framework in Frameworks */,
			);
			runOnlyForDeploymentPostprocessing = 0;
		};
/* End PBXFrameworksBuildPhase section */

/* Begin PBXGroup section */
		25253B3E247FA06A0061BFC2 /* ImgWindow */ = {
			isa = PBXGroup;
			children = (
				254ED5982482C4AA002C4A62 /* ImgFontAtlas.h */,
				254ED5992482C4AA002C4A62 /* ImgWindow.h */,
				25253B49247FA06A0061BFC2 /* ImgFontAtlas.cpp */,
				25253B44247FA06A0061BFC2 /* ImgWindow.cpp */,
			);
			name = ImgWindow;
			path = src/ImgWindow;
			sourceTree = "<group>";
		};
		25253B50247FA1370061BFC2 /* imgui */ = {
			isa = PBXGroup;
			children = (
				253399EA2485347500A65BE4 /* misc */,
				254ED5952482C48D002C4A62 /* imconfig.h */,
				254ED5972482C48D002C4A62 /* imgui_internal.h */,
				254ED5962482C48D002C4A62 /* imgui.h */,
				254ED5942482C48D002C4A62 /* imstb_rectpack.h */,
				254ED5922482C48D002C4A62 /* imstb_textedit.h */,
				254ED5932482C48D002C4A62 /* imstb_truetype.h */,
				25253C2B247FA1370061BFC2 /* imgui_demo.cpp */,
				25253C2C247FA1370061BFC2 /* imgui_draw.cpp */,
				25253B69247FA1370061BFC2 /* imgui_widgets.cpp */,
				25253B72247FA1370061BFC2 /* imgui.cpp */,
			);
			name = imgui;
			path = src/imgui;
			sourceTree = "<group>";
		};
		253399EA2485347500A65BE4 /* misc */ = {
			isa = PBXGroup;
			children = (
				253399F22485347500A65BE4 /* cpp */,
			);
			path = misc;
			sourceTree = "<group>";
		};
		253399F22485347500A65BE4 /* cpp */ = {
			isa = PBXGroup;
			children = (
				253399F32485347500A65BE4 /* imgui_stdlib.h */,
				253399F52485347500A65BE4 /* imgui_stdlib.cpp */,
			);
			path = cpp;
			sourceTree = "<group>";
		};
		AC4E46B809C2E0B3006B7E1B /* Source */ = {
			isa = PBXGroup;
			children = (
				255109CA248439ED002235C2 /* CMakeLists.txt */,
				25253B50247FA1370061BFC2 /* imgui */,
				25253B39247FA01F0061BFC2 /* imgui_starter_window.cpp */,
				255109CB248439ED002235C2 /* imgui_starter_window.h */,
				25253B38247FA01F0061BFC2 /* imgui4xp.cpp */,
				255109CC248439ED002235C2 /* imgui4xp.h */,
				25253B3E247FA06A0061BFC2 /* ImgWindow */,
				255109C7248439ED002235C2 /* stb_image.h */,
				255109C8248439ED002235C2 /* SystemGL.h */,
				255109C9248439ED002235C2 /* XOGLUtils.h */,
			);
			name = Source;
			sourceTree = "<group>";
		};
		D607B15F09A5563000699BC3 = {
			isa = PBXGroup;
			children = (
				25253C6E24805DD10061BFC2 /* README.md */,
				D6A7BDAD16A1DEA700D1426A /* Frameworks */,
				AC4E46B809C2E0B3006B7E1B /* Source */,
				D607B19A09A556E400699BC3 /* Products */,
			);
			sourceTree = "<group>";
		};
		D607B19A09A556E400699BC3 /* Products */ = {
			isa = PBXGroup;
			children = (
				D607B19909A556E400699BC3 /* imgui4xp.xpl */,
			);
			name = Products;
			sourceTree = "<group>";
		};
		D6A7BDAD16A1DEA700D1426A /* Frameworks */ = {
			isa = PBXGroup;
			children = (
				25253B34247F9FD10061BFC2 /* XPLM.framework */,
				D6A7BDC016A1DEC000D1426A /* CoreFoundation.framework */,
				D6A7BDA916A1DEA200D1426A /* OpenGL.framework */,
			);
			name = Frameworks;
			sourceTree = "<group>";
		};
/* End PBXGroup section */

/* Begin PBXNativeTarget section */
		D607B19809A556E400699BC3 /* imgui4xp */ = {
			isa = PBXNativeTarget;
			buildConfigurationList = D607B19B09A556E400699BC3 /* Build configuration list for PBXNativeTarget "imgui4xp" */;
			buildPhases = (
				D607B19609A556E400699BC3 /* Sources */,
				D607B19709A556E400699BC3 /* Frameworks */,
			);
			buildRules = (
			);
			dependencies = (
			);
			name = imgui4xp;
			productName = StarterPlugin;
			productReference = D607B19909A556E400699BC3 /* imgui4xp.xpl */;
			productType = "com.apple.product-type.library.dynamic";
		};
/* End PBXNativeTarget section */

/* Begin PBXProject section */
		D607B16109A5563100699BC3 /* Project object */ = {
			isa = PBXProject;
			attributes = {
				LastUpgradeCheck = 1140;
			};
			buildConfigurationList = D607B16209A5563100699BC3 /* Build configuration list for PBXProject "imgui4xp" */;
			compatibilityVersion = "Xcode 3.2";
			developmentRegion = en;
			hasScannedForEncodings = 0;
			knownRegions = (
				Base,
				en,
			);
			mainGroup = D607B15F09A5563000699BC3;
			productRefGroup = D607B19A09A556E400699BC3 /* Products */;
			projectDirPath = "";
			projectRoot = "";
			targets = (
				D607B19809A556E400699BC3 /* imgui4xp */,
			);
		};
/* End PBXProject section */

/* Begin PBXSourcesBuildPhase section */
		D607B19609A556E400699BC3 /* Sources */ = {
			isa = PBXSourcesBuildPhase;
			buildActionMask = 2147483647;
			files = (
				25253C6C247FA1370061BFC2 /* imgui_demo.cpp in Sources */,
				25253C6D247FA1370061BFC2 /* imgui_draw.cpp in Sources */,
				25253B3A247FA01F0061BFC2 /* imgui4xp.cpp in Sources */,
				25253B3B247FA01F0061BFC2 /* imgui_starter_window.cpp in Sources */,
				25253C39247FA1370061BFC2 /* imgui_widgets.cpp in Sources */,
				25253B4C247FA06A0061BFC2 /* ImgWindow.cpp in Sources */,
				25253B4F247FA06A0061BFC2 /* ImgFontAtlas.cpp in Sources */,
				25253C3A247FA1370061BFC2 /* imgui.cpp in Sources */,
				25339A002485347500A65BE4 /* imgui_stdlib.cpp in Sources */,
			);
			runOnlyForDeploymentPostprocessing = 0;
		};
/* End PBXSourcesBuildPhase section */

/* Begin XCBuildConfiguration section */
		D607B16309A5563100699BC3 /* Debug */ = {
			isa = XCBuildConfiguration;
			buildSettings = {
				ALWAYS_SEARCH_USER_PATHS = NO;
				CLANG_ANALYZER_LOCALIZABILITY_NONLOCALIZED = YES;
				CLANG_CXX_LANGUAGE_STANDARD = "c++14";
				CLANG_CXX_LIBRARY = "libc++";
				CLANG_WARN_BLOCK_CAPTURE_AUTORELEASING = YES;
				CLANG_WARN_BOOL_CONVERSION = YES;
				CLANG_WARN_CONSTANT_CONVERSION = YES;
				CLANG_WARN_DEPRECATED_OBJC_IMPLEMENTATIONS = YES;
				CLANG_WARN_EMPTY_BODY = YES;
				CLANG_WARN_ENUM_CONVERSION = YES;
				CLANG_WARN_INFINITE_RECURSION = YES;
				CLANG_WARN_INT_CONVERSION = YES;
				CLANG_WARN_NON_LITERAL_NULL_CONVERSION = YES;
				CLANG_WARN_OBJC_IMPLICIT_RETAIN_SELF = YES;
				CLANG_WARN_OBJC_LITERAL_CONVERSION = YES;
				CLANG_WARN_RANGE_LOOP_ANALYSIS = YES;
				CLANG_WARN_STRICT_PROTOTYPES = YES;
				CLANG_WARN_SUSPICIOUS_MOVE = YES;
				CLANG_WARN_UNREACHABLE_CODE = YES;
				CLANG_WARN__DUPLICATE_METHOD_MATCH = YES;
				COPY_PHASE_STRIP = NO;
				CURRENT_PROJECT_VERSION = 0.1;
				DEBUG_INFORMATION_FORMAT = dwarf;
				DSTROOT = "$(XPLANE11_ROOT)/Resources/plugins/$(PROJECT)";
				DYLIB_COMPATIBILITY_VERSION = "";
				DYLIB_CURRENT_VERSION = "";
				ENABLE_STRICT_OBJC_MSGSEND = YES;
				EXECUTABLE_EXTENSION = xpl;
				FRAMEWORK_SEARCH_PATHS = "$(XPSDK_ROOT)/Libraries/Mac";
				GCC_C_LANGUAGE_STANDARD = c11;
				GCC_NO_COMMON_BLOCKS = YES;
				GCC_OPTIMIZATION_LEVEL = 0;
				GCC_PREPROCESSOR_DEFINITIONS = (
					"DEBUG=1",
					"APL=1",
					"IBM=0",
					"LIN=0",
					"XPLM200=1",
					"XPLM210=1",
					"XPLM300=1",
					"XPLM301=1",
				);
				GCC_SYMBOLS_PRIVATE_EXTERN = YES;
				GCC_VERSION = "";
				GCC_WARN_64_TO_32_BIT_CONVERSION = YES;
				GCC_WARN_ABOUT_RETURN_TYPE = YES;
				GCC_WARN_UNDECLARED_SELECTOR = YES;
				GCC_WARN_UNINITIALIZED_AUTOS = YES;
				GCC_WARN_UNUSED_FUNCTION = YES;
				GCC_WARN_UNUSED_VARIABLE = YES;
				HEADER_SEARCH_PATHS = (
					src,
					src/imgui,
					src/imgui/misc/cpp,
					src/ImgWindow,
					"$(XPSDK_ROOT)/CHeaders/**",
					"$(HEADER_SEARCH_PATHS)",
				);
				MACH_O_TYPE = mh_bundle;
				MACOSX_DEPLOYMENT_TARGET = 10.12;
				ONLY_ACTIVE_ARCH = YES;
				OTHER_LDFLAGS = (
					"$(OTHER_LDFLAGS)",
					"-Wl,-exported_symbol",
					"-Wl,_XPluginStart",
					"-Wl,-exported_symbol",
					"-Wl,_XPluginEnable",
					"-Wl,-exported_symbol",
					"-Wl,_XPluginReceiveMessage",
					"-Wl,-exported_symbol",
					"-Wl,_XPluginDisable",
					"-Wl,-exported_symbol",
					"-Wl,_XPluginStop",
				);
				PRODUCT_BUNDLE_IDENTIFIER = sparker.example.imgui4xp;
				PRODUCT_NAME = "${TARGET_NAME}";
				SDKROOT = macosx;
				XPLANE11_ROOT = "$(USER_APPS_DIR)/X-Plane BETA";
				XPSDK_ROOT = src/XPSDK302;
			};
			name = Debug;
		};
		D607B16409A5563100699BC3 /* Release */ = {
			isa = XCBuildConfiguration;
			buildSettings = {
				ALWAYS_SEARCH_USER_PATHS = NO;
				CLANG_ANALYZER_LOCALIZABILITY_NONLOCALIZED = YES;
				CLANG_CXX_LANGUAGE_STANDARD = "c++14";
				CLANG_CXX_LIBRARY = "libc++";
				CLANG_WARN_BLOCK_CAPTURE_AUTORELEASING = YES;
				CLANG_WARN_BOOL_CONVERSION = YES;
				CLANG_WARN_CONSTANT_CONVERSION = YES;
				CLANG_WARN_DEPRECATED_OBJC_IMPLEMENTATIONS = YES;
				CLANG_WARN_EMPTY_BODY = YES;
				CLANG_WARN_ENUM_CONVERSION = YES;
				CLANG_WARN_INFINITE_RECURSION = YES;
				CLANG_WARN_INT_CONVERSION = YES;
				CLANG_WARN_NON_LITERAL_NULL_CONVERSION = YES;
				CLANG_WARN_OBJC_IMPLICIT_RETAIN_SELF = YES;
				CLANG_WARN_OBJC_LITERAL_CONVERSION = YES;
				CLANG_WARN_RANGE_LOOP_ANALYSIS = YES;
				CLANG_WARN_STRICT_PROTOTYPES = YES;
				CLANG_WARN_SUSPICIOUS_MOVE = YES;
				CLANG_WARN_UNREACHABLE_CODE = YES;
				CLANG_WARN__DUPLICATE_METHOD_MATCH = YES;
				COPY_PHASE_STRIP = NO;
				CURRENT_PROJECT_VERSION = 0.1;
				DEBUG_INFORMATION_FORMAT = "dwarf-with-dsym";
				DSTROOT = "$(XPLANE11_ROOT)/Resources/plugins/$(PROJECT)";
				DYLIB_COMPATIBILITY_VERSION = "";
				DYLIB_CURRENT_VERSION = "";
				ENABLE_NS_ASSERTIONS = NO;
				ENABLE_STRICT_OBJC_MSGSEND = YES;
				EXECUTABLE_EXTENSION = xpl;
				FRAMEWORK_SEARCH_PATHS = "$(XPSDK_ROOT)/Libraries/Mac";
				GCC_C_LANGUAGE_STANDARD = c11;
				GCC_NO_COMMON_BLOCKS = YES;
				GCC_PREPROCESSOR_DEFINITIONS = (
					"APL=1",
					"IBM=0",
					"LIN=0",
					"XPLM200=1",
					"XPLM210=1",
					"XPLM300=1",
					"XPLM301=1",
				);
				GCC_SYMBOLS_PRIVATE_EXTERN = YES;
				GCC_VERSION = "";
				GCC_WARN_64_TO_32_BIT_CONVERSION = YES;
				GCC_WARN_ABOUT_RETURN_TYPE = YES;
				GCC_WARN_UNDECLARED_SELECTOR = YES;
				GCC_WARN_UNINITIALIZED_AUTOS = YES;
				GCC_WARN_UNUSED_FUNCTION = YES;
				GCC_WARN_UNUSED_VARIABLE = YES;
				HEADER_SEARCH_PATHS = (
					src,
					src/imgui,
					src/imgui/misc/cpp,
					src/ImgWindow,
					"$(XPSDK_ROOT)/CHeaders/**",
					"$(HEADER_SEARCH_PATHS)",
				);
				MACH_O_TYPE = mh_bundle;
				MACOSX_DEPLOYMENT_TARGET = 10.12;
				OTHER_LDFLAGS = (
					"$(OTHER_LDFLAGS)",
					"-Wl,-exported_symbol",
					"-Wl,_XPluginStart",
					"-Wl,-exported_symbol",
					"-Wl,_XPluginEnable",
					"-Wl,-exported_symbol",
					"-Wl,_XPluginReceiveMessage",
					"-Wl,-exported_symbol",
					"-Wl,_XPluginDisable",
					"-Wl,-exported_symbol",
					"-Wl,_XPluginStop",
				);
				PRODUCT_BUNDLE_IDENTIFIER = sparker.example.imgui4xp;
				PRODUCT_NAME = "${TARGET_NAME}";
				SDKROOT = macosx;
				XPLANE11_ROOT = "$(USER_APPS_DIR)/X-Plane BETA";
				XPSDK_ROOT = src/XPSDK302;
			};
			name = Release;
		};
		D607B19C09A556E400699BC3 /* Debug */ = {
			isa = XCBuildConfiguration;
			buildSettings = {
				CLANG_ENABLE_OBJC_WEAK = YES;
				DEPLOYMENT_LOCATION = YES;
				FRAMEWORK_SEARCH_PATHS = (
					"$(inherited)",
					"$(PROJECT_DIR)/src/XPSDK302/Libraries/Mac",
				);
				INSTALL_PATH = mac_x64;
				LIBRARY_SEARCH_PATHS = (
					"$(inherited)",
					"$(PROJECT_DIR)/src/imgui/examples/libs/glfw/lib-vc2010-64",
					"$(PROJECT_DIR)/src/imgui/examples/libs/glfw/lib-vc2010-32",
				);
				VALID_ARCHS = x86_64;
			};
			name = Debug;
		};
		D607B19D09A556E400699BC3 /* Release */ = {
			isa = XCBuildConfiguration;
			buildSettings = {
				CLANG_ENABLE_OBJC_WEAK = YES;
				DEPLOYMENT_LOCATION = YES;
				FRAMEWORK_SEARCH_PATHS = (
					"$(inherited)",
					"$(PROJECT_DIR)/src/XPSDK302/Libraries/Mac",
				);
				INSTALL_PATH = mac_x64;
				LIBRARY_SEARCH_PATHS = (
					"$(inherited)",
					"$(PROJECT_DIR)/src/imgui/examples/libs/glfw/lib-vc2010-64",
					"$(PROJECT_DIR)/src/imgui/examples/libs/glfw/lib-vc2010-32",
				);
				VALID_ARCHS = x86_64;
			};
			name = Release;
		};
/* End XCBuildConfiguration section */

/* Begin XCConfigurationList section */
		D607B16209A5563100699BC3 /* Build configuration list for PBXProject "imgui4xp" */ = {
			isa = XCConfigurationList;
			buildConfigurations = (
				D607B16309A5563100699BC3 /* Debug */,
				D607B16409A5563100699BC3 /* Release */,
			);
			defaultConfigurationIsVisible = 0;
			defaultConfigurationName = Release;
		};
		D607B19B09A556E400699BC3 /* Build configuration list for PBXNativeTarget "imgui4xp" */ = {
			isa = XCConfigurationList;
			buildConfigurations = (
				D607B19C09A556E400699BC3 /* Debug */,
				D607B19D09A556E400699BC3 /* Release */,
			);
			defaultConfigurationIsVisible = 0;
			defaultConfigurationName = Release;
		};
/* End XCConfigurationList section */
	};
	rootObject = D607B16109A5563100699BC3 /* Project object */;
}
